// !$*UTF8*$!
{
	archiveVersion = 1;
	classes = {
	};
	objectVersion = 51;
	objects = {

/* Begin PBXBuildFile section */
		1BECC86E97302FA7EDCF362C /* Pods_iPresent.framework in Frameworks */ = {isa = PBXBuildFile; fileRef = 3FEDB920152526DFBE46531D /* Pods_iPresent.framework */; };
		C3070C9E225A3EFD0007C197 /* FootballerCollectionViewCell.swift in Sources */ = {isa = PBXBuildFile; fileRef = C3070C9D225A3EFD0007C197 /* FootballerCollectionViewCell.swift */; };
		C355F463224409070020FF43 /* AppDelegate.swift in Sources */ = {isa = PBXBuildFile; fileRef = C355F462224409070020FF43 /* AppDelegate.swift */; };
		C355F465224409070020FF43 /* ViewController.swift in Sources */ = {isa = PBXBuildFile; fileRef = C355F464224409070020FF43 /* ViewController.swift */; };
		C355F468224409070020FF43 /* Main.storyboard in Resources */ = {isa = PBXBuildFile; fileRef = C355F466224409070020FF43 /* Main.storyboard */; };
		C355F46A224409070020FF43 /* Assets.xcassets in Resources */ = {isa = PBXBuildFile; fileRef = C355F469224409070020FF43 /* Assets.xcassets */; };
		C355F46D224409070020FF43 /* LaunchScreen.storyboard in Resources */ = {isa = PBXBuildFile; fileRef = C355F46B224409070020FF43 /* LaunchScreen.storyboard */; };
		C3ED0563225A1FD500692FAA /* footballers.json in Resources */ = {isa = PBXBuildFile; fileRef = C3ED0562225A1FD500692FAA /* footballers.json */; };
		C3ED0566225A202A00692FAA /* Footballer.swift in Sources */ = {isa = PBXBuildFile; fileRef = C3ED0565225A202A00692FAA /* Footballer.swift */; };
		C3ED0568225A21D100692FAA /* AllFootballers.swift in Sources */ = {isa = PBXBuildFile; fileRef = C3ED0567225A21D100692FAA /* AllFootballers.swift */; };
/* End PBXBuildFile section */

/* Begin PBXFileReference section */
		2D2A7C78F1DDC784CBC13506 /* Pods-iPresent.release.xcconfig */ = {isa = PBXFileReference; includeInIndex = 1; lastKnownFileType = text.xcconfig; name = "Pods-iPresent.release.xcconfig"; path = "Target Support Files/Pods-iPresent/Pods-iPresent.release.xcconfig"; sourceTree = "<group>"; };
		3FEDB920152526DFBE46531D /* Pods_iPresent.framework */ = {isa = PBXFileReference; explicitFileType = wrapper.framework; includeInIndex = 0; path = Pods_iPresent.framework; sourceTree = BUILT_PRODUCTS_DIR; };
		7ED150CF7A6D375F676267E2 /* Pods-iPresent.debug.xcconfig */ = {isa = PBXFileReference; includeInIndex = 1; lastKnownFileType = text.xcconfig; name = "Pods-iPresent.debug.xcconfig"; path = "Target Support Files/Pods-iPresent/Pods-iPresent.debug.xcconfig"; sourceTree = "<group>"; };
		C3070C9D225A3EFD0007C197 /* FootballerCollectionViewCell.swift */ = {isa = PBXFileReference; lastKnownFileType = sourcecode.swift; path = FootballerCollectionViewCell.swift; sourceTree = "<group>"; };
		C355F45F224409070020FF43 /* iPresent.app */ = {isa = PBXFileReference; explicitFileType = wrapper.application; includeInIndex = 0; path = iPresent.app; sourceTree = BUILT_PRODUCTS_DIR; };
		C355F462224409070020FF43 /* AppDelegate.swift */ = {isa = PBXFileReference; lastKnownFileType = sourcecode.swift; path = AppDelegate.swift; sourceTree = "<group>"; };
		C355F464224409070020FF43 /* ViewController.swift */ = {isa = PBXFileReference; lastKnownFileType = sourcecode.swift; path = ViewController.swift; sourceTree = "<group>"; };
		C355F467224409070020FF43 /* Base */ = {isa = PBXFileReference; lastKnownFileType = file.storyboard; name = Base; path = Base.lproj/Main.storyboard; sourceTree = "<group>"; };
		C355F469224409070020FF43 /* Assets.xcassets */ = {isa = PBXFileReference; lastKnownFileType = folder.assetcatalog; path = Assets.xcassets; sourceTree = "<group>"; };
		C355F46C224409070020FF43 /* Base */ = {isa = PBXFileReference; lastKnownFileType = file.storyboard; name = Base; path = Base.lproj/LaunchScreen.storyboard; sourceTree = "<group>"; };
		C355F46E224409070020FF43 /* Info.plist */ = {isa = PBXFileReference; lastKnownFileType = text.plist.xml; path = Info.plist; sourceTree = "<group>"; };
		C3ED0562225A1FD500692FAA /* footballers.json */ = {isa = PBXFileReference; fileEncoding = 4; lastKnownFileType = text.json; path = footballers.json; sourceTree = "<group>"; };
		C3ED0565225A202A00692FAA /* Footballer.swift */ = {isa = PBXFileReference; lastKnownFileType = sourcecode.swift; path = Footballer.swift; sourceTree = "<group>"; };
		C3ED0567225A21D100692FAA /* AllFootballers.swift */ = {isa = PBXFileReference; lastKnownFileType = sourcecode.swift; path = AllFootballers.swift; sourceTree = "<group>"; };
/* End PBXFileReference section */

/* Begin PBXFrameworksBuildPhase section */
		C355F45C224409070020FF43 /* Frameworks */ = {
			isa = PBXFrameworksBuildPhase;
			buildActionMask = 2147483647;
			files = (
				1BECC86E97302FA7EDCF362C /* Pods_iPresent.framework in Frameworks */,
			);
			runOnlyForDeploymentPostprocessing = 0;
		};
/* End PBXFrameworksBuildPhase section */

/* Begin PBXGroup section */
		C355F456224409070020FF43 = {
			isa = PBXGroup;
			children = (
				C355F461224409070020FF43 /* iPresent */,
				C355F460224409070020FF43 /* Products */,
				F3E1BD36A9CE2DA8F7876CB1 /* Pods */,
				F28C1ADDA8FBBCAC7FE675D1 /* Frameworks */,
			);
			sourceTree = "<group>";
		};
		C355F460224409070020FF43 /* Products */ = {
			isa = PBXGroup;
			children = (
				C355F45F224409070020FF43 /* iPresent.app */,
			);
			name = Products;
			sourceTree = "<group>";
		};
		C355F461224409070020FF43 /* iPresent */ = {
			isa = PBXGroup;
			children = (
				C3ED053B2259FFFF00692FAA /* View */,
				C3ED053C225A000700692FAA /* Model */,
				C3ED053D225A000E00692FAA /* Controller */,
				C3ED053E225A007800692FAA /* Support Files */,
			);
			path = iPresent;
			sourceTree = "<group>";
		};
		C3ED053B2259FFFF00692FAA /* View */ = {
			isa = PBXGroup;
			children = (
				C355F469224409070020FF43 /* Assets.xcassets */,
				C355F466224409070020FF43 /* Main.storyboard */,
			);
			path = View;
			sourceTree = "<group>";
		};
		C3ED053C225A000700692FAA /* Model */ = {
			isa = PBXGroup;
			children = (
				C3ED0562225A1FD500692FAA /* footballers.json */,
				C3ED0565225A202A00692FAA /* Footballer.swift */,
				C3ED0567225A21D100692FAA /* AllFootballers.swift */,
			);
			path = Model;
			sourceTree = "<group>";
		};
		C3ED053D225A000E00692FAA /* Controller */ = {
			isa = PBXGroup;
			children = (
				C355F462224409070020FF43 /* AppDelegate.swift */,
				C355F464224409070020FF43 /* ViewController.swift */,
				C3070C9D225A3EFD0007C197 /* FootballerCollectionViewCell.swift */,
			);
			path = Controller;
			sourceTree = "<group>";
		};
		C3ED053E225A007800692FAA /* Support Files */ = {
			isa = PBXGroup;
			children = (
				C355F46B224409070020FF43 /* LaunchScreen.storyboard */,
				C355F46E224409070020FF43 /* Info.plist */,
			);
			path = "Support Files";
			sourceTree = "<group>";
		};
		F28C1ADDA8FBBCAC7FE675D1 /* Frameworks */ = {
			isa = PBXGroup;
			children = (
				3FEDB920152526DFBE46531D /* Pods_iPresent.framework */,
			);
			name = Frameworks;
			sourceTree = "<group>";
		};
		F3E1BD36A9CE2DA8F7876CB1 /* Pods */ = {
			isa = PBXGroup;
			children = (
				7ED150CF7A6D375F676267E2 /* Pods-iPresent.debug.xcconfig */,
				2D2A7C78F1DDC784CBC13506 /* Pods-iPresent.release.xcconfig */,
			);
			path = Pods;
			sourceTree = "<group>";
		};
/* End PBXGroup section */

/* Begin PBXNativeTarget section */
		C355F45E224409070020FF43 /* iPresent */ = {
			isa = PBXNativeTarget;
			buildConfigurationList = C355F471224409070020FF43 /* Build configuration list for PBXNativeTarget "iPresent" */;
			buildPhases = (
				9B5C0C079D516E85726D8BF8 /* [CP] Check Pods Manifest.lock */,
				C355F45B224409070020FF43 /* Sources */,
				C355F45C224409070020FF43 /* Frameworks */,
				C355F45D224409070020FF43 /* Resources */,
				C6B0EBFB49108DAA444B2619 /* [CP] Embed Pods Frameworks */,
			);
			buildRules = (
			);
			dependencies = (
			);
			name = iPresent;
			productName = iPresent;
			productReference = C355F45F224409070020FF43 /* iPresent.app */;
			productType = "com.apple.product-type.application";
		};
/* End PBXNativeTarget section */

/* Begin PBXProject section */
		C355F457224409070020FF43 /* Project object */ = {
			isa = PBXProject;
			attributes = {
				LastSwiftUpdateCheck = 1010;
				LastUpgradeCheck = 1010;
				ORGANIZATIONNAME = "Lennon Puype";
				TargetAttributes = {
					C355F45E224409070020FF43 = {
						CreatedOnToolsVersion = 10.1;
						LastSwiftMigration = 1020;
					};
				};
			};
			buildConfigurationList = C355F45A224409070020FF43 /* Build configuration list for PBXProject "iPresent" */;
			compatibilityVersion = "Xcode 9.3";
			developmentRegion = en;
			hasScannedForEncodings = 0;
			knownRegions = (
				en,
				Base,
			);
			mainGroup = C355F456224409070020FF43;
			productRefGroup = C355F460224409070020FF43 /* Products */;
			projectDirPath = "";
			projectRoot = "";
			targets = (
				C355F45E224409070020FF43 /* iPresent */,
			);
		};
/* End PBXProject section */

/* Begin PBXResourcesBuildPhase section */
		C355F45D224409070020FF43 /* Resources */ = {
			isa = PBXResourcesBuildPhase;
			buildActionMask = 2147483647;
			files = (
				C355F46D224409070020FF43 /* LaunchScreen.storyboard in Resources */,
				C3ED0563225A1FD500692FAA /* footballers.json in Resources */,
				C355F46A224409070020FF43 /* Assets.xcassets in Resources */,
				C355F468224409070020FF43 /* Main.storyboard in Resources */,
			);
			runOnlyForDeploymentPostprocessing = 0;
		};
/* End PBXResourcesBuildPhase section */

/* Begin PBXShellScriptBuildPhase section */
		9B5C0C079D516E85726D8BF8 /* [CP] Check Pods Manifest.lock */ = {
			isa = PBXShellScriptBuildPhase;
			buildActionMask = 2147483647;
			files = (
			);
			inputFileListPaths = (
			);
			inputPaths = (
				"${PODS_PODFILE_DIR_PATH}/Podfile.lock",
				"${PODS_ROOT}/Manifest.lock",
			);
			name = "[CP] Check Pods Manifest.lock";
			outputFileListPaths = (
			);
			outputPaths = (
				"$(DERIVED_FILE_DIR)/Pods-iPresent-checkManifestLockResult.txt",
			);
			runOnlyForDeploymentPostprocessing = 0;
			shellPath = /bin/sh;
			shellScript = "diff \"${PODS_PODFILE_DIR_PATH}/Podfile.lock\" \"${PODS_ROOT}/Manifest.lock\" > /dev/null\nif [ $? != 0 ] ; then\n    # print error to STDERR\n    echo \"error: The sandbox is not in sync with the Podfile.lock. Run 'pod install' or update your CocoaPods installation.\" >&2\n    exit 1\nfi\n# This output is used by Xcode 'outputs' to avoid re-running this script phase.\necho \"SUCCESS\" > \"${SCRIPT_OUTPUT_FILE_0}\"\n";
			showEnvVarsInLog = 0;
		};
		C6B0EBFB49108DAA444B2619 /* [CP] Embed Pods Frameworks */ = {
			isa = PBXShellScriptBuildPhase;
			buildActionMask = 2147483647;
			files = (
			);
			inputFileListPaths = (
				"${PODS_ROOT}/Target Support Files/Pods-iPresent/Pods-iPresent-frameworks-${CONFIGURATION}-input-files.xcfilelist",
			);
			name = "[CP] Embed Pods Frameworks";
			outputFileListPaths = (
				"${PODS_ROOT}/Target Support Files/Pods-iPresent/Pods-iPresent-frameworks-${CONFIGURATION}-output-files.xcfilelist",
			);
			runOnlyForDeploymentPostprocessing = 0;
			shellPath = /bin/sh;
			shellScript = "\"${PODS_ROOT}/Target Support Files/Pods-iPresent/Pods-iPresent-frameworks.sh\"\n";
			showEnvVarsInLog = 0;
		};
/* End PBXShellScriptBuildPhase section */

/* Begin PBXSourcesBuildPhase section */
		C355F45B224409070020FF43 /* Sources */ = {
			isa = PBXSourcesBuildPhase;
			buildActionMask = 2147483647;
			files = (
				C3ED0566225A202A00692FAA /* Footballer.swift in Sources */,
				C3070C9E225A3EFD0007C197 /* FootballerCollectionViewCell.swift in Sources */,
				C3ED0568225A21D100692FAA /* AllFootballers.swift in Sources */,
				C355F465224409070020FF43 /* ViewController.swift in Sources */,
				C355F463224409070020FF43 /* AppDelegate.swift in Sources */,
			);
			runOnlyForDeploymentPostprocessing = 0;
		};
/* End PBXSourcesBuildPhase section */

/* Begin PBXVariantGroup section */
		C355F466224409070020FF43 /* Main.storyboard */ = {
			isa = PBXVariantGroup;
			children = (
				C355F467224409070020FF43 /* Base */,
			);
			name = Main.storyboard;
			sourceTree = "<group>";
		};
		C355F46B224409070020FF43 /* LaunchScreen.storyboard */ = {
			isa = PBXVariantGroup;
			children = (
				C355F46C224409070020FF43 /* Base */,
			);
			name = LaunchScreen.storyboard;
			sourceTree = "<group>";
		};
/* End PBXVariantGroup section */

/* Begin XCBuildConfiguration section */
		C355F46F224409070020FF43 /* Debug */ = {
			isa = XCBuildConfiguration;
			buildSettings = {
				ALWAYS_SEARCH_USER_PATHS = NO;
				CLANG_ANALYZER_NONNULL = YES;
				CLANG_ANALYZER_NUMBER_OBJECT_CONVERSION = YES_AGGRESSIVE;
				CLANG_CXX_LANGUAGE_STANDARD = "gnu++14";
				CLANG_CXX_LIBRARY = "libc++";
				CLANG_ENABLE_MODULES = YES;
				CLANG_ENABLE_OBJC_ARC = YES;
				CLANG_ENABLE_OBJC_WEAK = YES;
				CLANG_WARN_BLOCK_CAPTURE_AUTORELEASING = YES;
				CLANG_WARN_BOOL_CONVERSION = YES;
				CLANG_WARN_COMMA = YES;
				CLANG_WARN_CONSTANT_CONVERSION = YES;
				CLANG_WARN_DEPRECATED_OBJC_IMPLEMENTATIONS = YES;
				CLANG_WARN_DIRECT_OBJC_ISA_USAGE = YES_ERROR;
				CLANG_WARN_DOCUMENTATION_COMMENTS = YES;
				CLANG_WARN_EMPTY_BODY = YES;
				CLANG_WARN_ENUM_CONVERSION = YES;
				CLANG_WARN_INFINITE_RECURSION = YES;
				CLANG_WARN_INT_CONVERSION = YES;
				CLANG_WARN_NON_LITERAL_NULL_CONVERSION = YES;
				CLANG_WARN_OBJC_IMPLICIT_RETAIN_SELF = YES;
				CLANG_WARN_OBJC_LITERAL_CONVERSION = YES;
				CLANG_WARN_OBJC_ROOT_CLASS = YES_ERROR;
				CLANG_WARN_RANGE_LOOP_ANALYSIS = YES;
				CLANG_WARN_STRICT_PROTOTYPES = YES;
				CLANG_WARN_SUSPICIOUS_MOVE = YES;
				CLANG_WARN_UNGUARDED_AVAILABILITY = YES_AGGRESSIVE;
				CLANG_WARN_UNREACHABLE_CODE = YES;
				CLANG_WARN__DUPLICATE_METHOD_MATCH = YES;
				CODE_SIGN_IDENTITY = "iPhone Developer";
				COPY_PHASE_STRIP = NO;
				DEBUG_INFORMATION_FORMAT = dwarf;
				ENABLE_STRICT_OBJC_MSGSEND = YES;
				ENABLE_TESTABILITY = YES;
				GCC_C_LANGUAGE_STANDARD = gnu11;
				GCC_DYNAMIC_NO_PIC = NO;
				GCC_NO_COMMON_BLOCKS = YES;
				GCC_OPTIMIZATION_LEVEL = 0;
				GCC_PREPROCESSOR_DEFINITIONS = (
					"DEBUG=1",
					"$(inherited)",
				);
				GCC_WARN_64_TO_32_BIT_CONVERSION = YES;
				GCC_WARN_ABOUT_RETURN_TYPE = YES_ERROR;
				GCC_WARN_UNDECLARED_SELECTOR = YES;
				GCC_WARN_UNINITIALIZED_AUTOS = YES_AGGRESSIVE;
				GCC_WARN_UNUSED_FUNCTION = YES;
				GCC_WARN_UNUSED_VARIABLE = YES;
				IPHONEOS_DEPLOYMENT_TARGET = 12.1;
				MTL_ENABLE_DEBUG_INFO = INCLUDE_SOURCE;
				MTL_FAST_MATH = YES;
				ONLY_ACTIVE_ARCH = YES;
				SDKROOT = iphoneos;
				SWIFT_ACTIVE_COMPILATION_CONDITIONS = DEBUG;
				SWIFT_OPTIMIZATION_LEVEL = "-Onone";
			};
			name = Debug;
		};
		C355F470224409070020FF43 /* Release */ = {
			isa = XCBuildConfiguration;
			buildSettings = {
				ALWAYS_SEARCH_USER_PATHS = NO;
				CLANG_ANALYZER_NONNULL = YES;
				CLANG_ANALYZER_NUMBER_OBJECT_CONVERSION = YES_AGGRESSIVE;
				CLANG_CXX_LANGUAGE_STANDARD = "gnu++14";
				CLANG_CXX_LIBRARY = "libc++";
				CLANG_ENABLE_MODULES = YES;
				CLANG_ENABLE_OBJC_ARC = YES;
				CLANG_ENABLE_OBJC_WEAK = YES;
				CLANG_WARN_BLOCK_CAPTURE_AUTORELEASING = YES;
				CLANG_WARN_BOOL_CONVERSION = YES;
				CLANG_WARN_COMMA = YES;
				CLANG_WARN_CONSTANT_CONVERSION = YES;
				CLANG_WARN_DEPRECATED_OBJC_IMPLEMENTATIONS = YES;
				CLANG_WARN_DIRECT_OBJC_ISA_USAGE = YES_ERROR;
				CLANG_WARN_DOCUMENTATION_COMMENTS = YES;
				CLANG_WARN_EMPTY_BODY = YES;
				CLANG_WARN_ENUM_CONVERSION = YES;
				CLANG_WARN_INFINITE_RECURSION = YES;
				CLANG_WARN_INT_CONVERSION = YES;
				CLANG_WARN_NON_LITERAL_NULL_CONVERSION = YES;
				CLANG_WARN_OBJC_IMPLICIT_RETAIN_SELF = YES;
				CLANG_WARN_OBJC_LITERAL_CONVERSION = YES;
				CLANG_WARN_OBJC_ROOT_CLASS = YES_ERROR;
				CLANG_WARN_RANGE_LOOP_ANALYSIS = YES;
				CLANG_WARN_STRICT_PROTOTYPES = YES;
				CLANG_WARN_SUSPICIOUS_MOVE = YES;
				CLANG_WARN_UNGUARDED_AVAILABILITY = YES_AGGRESSIVE;
				CLANG_WARN_UNREACHABLE_CODE = YES;
				CLANG_WARN__DUPLICATE_METHOD_MATCH = YES;
				CODE_SIGN_IDENTITY = "iPhone Developer";
				COPY_PHASE_STRIP = NO;
				DEBUG_INFORMATION_FORMAT = "dwarf-with-dsym";
				ENABLE_NS_ASSERTIONS = NO;
				ENABLE_STRICT_OBJC_MSGSEND = YES;
				GCC_C_LANGUAGE_STANDARD = gnu11;
				GCC_NO_COMMON_BLOCKS = YES;
				GCC_WARN_64_TO_32_BIT_CONVERSION = YES;
				GCC_WARN_ABOUT_RETURN_TYPE = YES_ERROR;
				GCC_WARN_UNDECLARED_SELECTOR = YES;
				GCC_WARN_UNINITIALIZED_AUTOS = YES_AGGRESSIVE;
				GCC_WARN_UNUSED_FUNCTION = YES;
				GCC_WARN_UNUSED_VARIABLE = YES;
				IPHONEOS_DEPLOYMENT_TARGET = 12.1;
				MTL_ENABLE_DEBUG_INFO = NO;
				MTL_FAST_MATH = YES;
				SDKROOT = iphoneos;
				SWIFT_COMPILATION_MODE = wholemodule;
				SWIFT_OPTIMIZATION_LEVEL = "-O";
				VALIDATE_PRODUCT = YES;
			};
			name = Release;
		};
		C355F472224409070020FF43 /* Debug */ = {
			isa = XCBuildConfiguration;
			baseConfigurationReference = 7ED150CF7A6D375F676267E2 /* Pods-iPresent.debug.xcconfig */;
			buildSettings = {
				ASSETCATALOG_COMPILER_APPICON_NAME = AppIcon;
				CODE_SIGN_STYLE = Automatic;
				DEVELOPMENT_TEAM = 69HN3J9BK7;
				INFOPLIST_FILE = "$(SRCROOT)/iPresent/Support Files/Info.plist";
				LD_RUNPATH_SEARCH_PATHS = (
					"$(inherited)",
					"@executable_path/Frameworks",
				);
				PRODUCT_BUNDLE_IDENTIFIER = lennon.iPresent;
				PRODUCT_NAME = "$(TARGET_NAME)";
				SWIFT_VERSION = 5.0;
				TARGETED_DEVICE_FAMILY = "1,2";
			};
			name = Debug;
		};
		C355F473224409070020FF43 /* Release */ = {
			isa = XCBuildConfiguration;
			baseConfigurationReference = 2D2A7C78F1DDC784CBC13506 /* Pods-iPresent.release.xcconfig */;
			buildSettings = {
				ASSETCATALOG_COMPILER_APPICON_NAME = AppIcon;
				CODE_SIGN_STYLE = Automatic;
				DEVELOPMENT_TEAM = 69HN3J9BK7;
				INFOPLIST_FILE = "$(SRCROOT)/iPresent/Support Files/Info.plist";
				LD_RUNPATH_SEARCH_PATHS = (
					"$(inherited)",
					"@executable_path/Frameworks",
				);
				PRODUCT_BUNDLE_IDENTIFIER = lennon.iPresent;
				PRODUCT_NAME = "$(TARGET_NAME)";
				SWIFT_VERSION = 5.0;
				TARGETED_DEVICE_FAMILY = "1,2";
			};
			name = Release;
		};
/* End XCBuildConfiguration section */

/* Begin XCConfigurationList section */
		C355F45A224409070020FF43 /* Build configuration list for PBXProject "iPresent" */ = {
			isa = XCConfigurationList;
			buildConfigurations = (
				C355F46F224409070020FF43 /* Debug */,
				C355F470224409070020FF43 /* Release */,
			);
			defaultConfigurationIsVisible = 0;
			defaultConfigurationName = Release;
		};
		C355F471224409070020FF43 /* Build configuration list for PBXNativeTarget "iPresent" */ = {
			isa = XCConfigurationList;
			buildConfigurations = (
				C355F472224409070020FF43 /* Debug */,
				C355F473224409070020FF43 /* Release */,
			);
			defaultConfigurationIsVisible = 0;
			defaultConfigurationName = Release;
		};
/* End XCConfigurationList section */
	};
	rootObject = C355F457224409070020FF43 /* Project object */;
}
